{
  "pins" : [
    {
      "identity" : "alamofire",
      "kind" : "remoteSourceControl",
      "location" : "https://github.com/Alamofire/Alamofire",
      "state" : {
        "branch" : "master",
        "revision" : "51d67100121d586c9d15ec0227de96442af4dd6d"
      }
    },
    {
      "identity" : "realm-core",
      "kind" : "remoteSourceControl",
      "location" : "https://github.com/realm/realm-core",
      "state" : {
        "revision" : "55a48c287b5e3a8ca129c257ec7e3b92bcb2a05f",
        "version" : "12.3.0"
      }
    },
    {
      "identity" : "realm-swift",
      "kind" : "remoteSourceControl",
      "location" : "https://github.com/realm/realm-swift",
      "state" : {
        "branch" : "master",
        "revision" : "2e5aa3151d40daf0a4e2620a9c0e270632df065d"
      }
    },
    {
      "identity" : "sdwebimage",
      "kind" : "remoteSourceControl",
      "location" : "https://github.com/SDWebImage/SDWebImage.git",
      "state" : {
        "revision" : "c4b8660bb3ef543fe4bdcaac0db956b32dc5583f",
        "version" : "5.13.0"
      }
    },
    {
      "identity" : "sdwebimageswiftui",
      "kind" : "remoteSourceControl",
      "location" : "https://github.com/SDWebImage/SDWebImageSwiftUI",
      "state" : {
        "branch" : "master",
        "revision" : "336d3f6d3b53729c1f274bf6b75f4532ada116eb"
      }
    }
  ],
  "version" : 2
}
